
Microsoft Visual Studio Solution File, Format Version 12.00
# Visual Studio Version 17
VisualStudioVersion = 17.0.32014.148
MinimumVisualStudioVersion = 10.0.40219.1
Project("{9A19103F-16F7-4668-BE54-9A1E7A4F7556}") = "Новокшанов, Носова", "Новокшанов, Носова\Новокшанов, Носова.csproj", "{D4E5D403-C270-4C4E-917B-ABE0E09A30F4}"
EndProject
Global
	GlobalSection(SolutionConfigurationPlatforms) = preSolution
		Debug|Any CPU = Debug|Any CPU
		Release|Any CPU = Release|Any CPU
	EndGlobalSection
	GlobalSection(ProjectConfigurationPlatforms) = postSolution
		{D4E5D403-C270-4C4E-917B-ABE0E09A30F4}.Debug|Any CPU.ActiveCfg = Debug|Any CPU
		{D4E5D403-C270-4C4E-917B-ABE0E09A30F4}.Debug|Any CPU.Build.0 = Debug|Any CPU
		{D4E5D403-C270-4C4E-917B-ABE0E09A30F4}.Release|Any CPU.ActiveCfg = Release|Any CPU
		{D4E5D403-C270-4C4E-917B-ABE0E09A30F4}.Release|Any CPU.Build.0 = Release|Any CPU
	EndGlobalSection
	GlobalSection(SolutionProperties) = preSolution
		HideSolutionNode = FALSE
	EndGlobalSection
	GlobalSection(ExtensibilityGlobals) = postSolution
		SolutionGuid = {DD1A9B9A-9D56-4121-81C7-43C82EAF4023}
	EndGlobalSection
EndGlobal
